Microsoft Visual Studio Solution File, Format Version 12.00
# Visual Studio Version 17
VisualStudioVersion = 17.5.2.0
MinimumVisualStudioVersion = 10.0.40219.1
Project("{FAE04EC0-301F-11D3-BF4B-00C04F79EFBC}") = "StickerApp", "StickerApp.csproj", "{591B5AC0-76CB-1A80-2436-334E6705A820}"
EndProject
Global
	GlobalSection(SolutionConfigurationPlatforms) = preSolution
		Debug|Any CPU = Debug|Any CPU
		Release|Any CPU = Release|Any CPU
	EndGlobalSection
	GlobalSection(ProjectConfigurationPlatforms) = postSolution
		{591B5AC0-76CB-1A80-2436-334E6705A820}.Debug|Any CPU.ActiveCfg = Debug|Any CPU
		{591B5AC0-76CB-1A80-2436-334E6705A820}.Debug|Any CPU.Build.0 = Debug|Any CPU
		{591B5AC0-76CB-1A80-2436-334E6705A820}.Release|Any CPU.ActiveCfg = Release|Any CPU
		{591B5AC0-76CB-1A80-2436-334E6705A820}.Release|Any CPU.Build.0 = Release|Any CPU
	EndGlobalSection
	GlobalSection(SolutionProperties) = preSolution
		HideSolutionNode = FALSE
	EndGlobalSection
	GlobalSection(ExtensibilityGlobals) = postSolution
		SolutionGuid = {14F8EEC8-88BA-48CC-A939-CA7C06445DF1}
	EndGlobalSection
EndGlobal
